{
    "_meta": {
        "hash": {
            "sha256": "777feef699050974e9e943b80e4a386edece0878cffb984050cee74e0d28e03e"
        },
        "pipfile-spec": 6,
        "requires": {
            "python_version": "3.11"
        },
        "sources": [
            {
                "name": "pypi",
                "url": "https://pypi.org/simple",
                "verify_ssl": true
            }
        ]
    },
    "default": {},
    "develop": {
        "badev": {
            "hashes": [
                "sha256:aff58617587a1abf91f5f54ad6931d53ca48372d67cb018414b421a15e8c0392",
                "sha256:e14cb6ad2e7ab472b7073f5215c34f9804eb85d34dca53596346f55ecdb5918f"
            ],
            "index": "pypi",
            "version": "==1.7.27"
        }
    }
}
